
Microsoft Visual Studio Solution File, Format Version 12.00
# Visual Studio Version 17
VisualStudioVersion = 17.13.35919.96 d17.13
MinimumVisualStudioVersion = 10.0.40219.1
Project("{8BC9CEB8-8B4A-11D0-8D11-00A0C91BC942}") = "Gacha Game", "Gacha Game\Gacha Game.vcxproj", "{BD989465-7380-44CF-A5BB-A28CD0D0DCFB}"
EndProject
Global
	GlobalSection(SolutionConfigurationPlatforms) = preSolution
		Debug|x64 = Debug|x64
		Debug|x86 = Debug|x86
		Release|x64 = Release|x64
		Release|x86 = Release|x86
	EndGlobalSection
	GlobalSection(ProjectConfigurationPlatforms) = postSolution
		{BD989465-7380-44CF-A5BB-A28CD0D0DCFB}.Debug|x64.ActiveCfg = Debug|x64
		{BD989465-7380-44CF-A5BB-A28CD0D0DCFB}.Debug|x64.Build.0 = Debug|x64
		{BD989465-7380-44CF-A5BB-A28CD0D0DCFB}.Debug|x86.ActiveCfg = Debug|Win32
		{BD989465-7380-44CF-A5BB-A28CD0D0DCFB}.Debug|x86.Build.0 = Debug|Win32
		{BD989465-7380-44CF-A5BB-A28CD0D0DCFB}.Release|x64.ActiveCfg = Release|x64
		{BD989465-7380-44CF-A5BB-A28CD0D0DCFB}.Release|x64.Build.0 = Release|x64
		{BD989465-7380-44CF-A5BB-A28CD0D0DCFB}.Release|x86.ActiveCfg = Release|Win32
		{BD989465-7380-44CF-A5BB-A28CD0D0DCFB}.Release|x86.Build.0 = Release|Win32
	EndGlobalSection
	GlobalSection(SolutionProperties) = preSolution
		HideSolutionNode = FALSE
	EndGlobalSection
	GlobalSection(ExtensibilityGlobals) = postSolution
		SolutionGuid = {CE11D7D2-4BD4-4556-B6DF-37F455D6614A}
	EndGlobalSection
EndGlobal
